<?xml version="1.0" encoding="utf-8"?>
<Project ToolsVersion="4.0" xmlns="http://schemas.microsoft.com/developer/msbuild/2003">
  <ItemGroup>
    <Filter Include="Utils">
      <UniqueIdentifier>{fb4de581-b8fd-461f-9790-ce6d40db1217}</UniqueIdentifier>
    </Filter>
    <Filter Include="Default">
      <UniqueIdentifier>{ce814abe-e460-469b-8347-50ae0f6a8d82}</UniqueIdentifier>
    </Filter>
    <Filter Include="ExternalFile">
      <UniqueIdentifier>{74f6b41f-edbb-42a9-8d1e-4e676176ba81}</UniqueIdentifier>
    </Filter>
    <Filter Include="ExternalFile\Texture">
      <UniqueIdentifier>{cbe5becf-b945-4235-a3f3-18c72fc3224e}</UniqueIdentifier>
    </Filter>
    <Filter Include="Graphics">
      <UniqueIdentifier>{d4fe2eb1-8a9f-4beb-b738-a44c1982733d}</UniqueIdentifier>
    </Filter>
    <Filter Include="Shader">
      <UniqueIdentifier>{14c29046-e235-4952-bb24-92145f4f3404}</UniqueIdentifier>
    </Filter>
    <Filter Include="Object">
      <UniqueIdentifier>{57eb27a1-bd96-4964-b426-970bd8d0b30c}</UniqueIdentifier>
    </Filter>
    <Filter Include="Object\GameObject">
      <UniqueIdentifier>{12cd6004-9f7e-4aff-bda3-2d840a6b4b96}</UniqueIdentifier>
    </Filter>
    <Filter Include="Object\Component">
      <UniqueIdentifier>{334b56cc-80a1-44a7-8dd3-b7aba07ca4cf}</UniqueIdentifier>
    </Filter>
  </ItemGroup>
  <ItemGroup>
    <ClInclude Include="framework.h">
      <Filter>Default</Filter>
    </ClInclude>
    <ClInclude Include="pch.h">
      <Filter>Default</Filter>
    </ClInclude>
    <ClInclude Include="..\..\dx\d3d11\Client\Library\Include\d3dxGlobal.h">
      <Filter>ExternalFile\Texture</Filter>
    </ClInclude>
    <ClInclude Include="..\..\dx\d3d11\Client\Library\Include\DirectXTex.h">
      <Filter>ExternalFile\Texture</Filter>
    </ClInclude>
    <ClInclude Include="Define.h">
      <Filter>Utils</Filter>
    </ClInclude>
    <ClInclude Include="EnginePch.h">
      <Filter>Default</Filter>
    </ClInclude>
    <ClInclude Include="Struct.h">
      <Filter>Utils</Filter>
    </ClInclude>
    <ClInclude Include="Engine.h">
      <Filter>Default</Filter>
    </ClInclude>
    <ClInclude Include="GraphcisProcessor.h">
      <Filter>Graphics</Filter>
    </ClInclude>
    <ClInclude Include="Object.h">
      <Filter>Object</Filter>
    </ClInclude>
    <ClInclude Include="Component.h">
      <Filter>Object\Component</Filter>
    </ClInclude>
    <ClInclude Include="GameObject.h">
      <Filter>Object\GameObject</Filter>
    </ClInclude>
    <ClInclude Include="Transform.h">
      <Filter>Object\Component</Filter>
    </ClInclude>
    <ClInclude Include="Collision.h">
      <Filter>Object\Component</Filter>
    </ClInclude>
    <ClInclude Include="Animator.h">
      <Filter>Object\Component</Filter>
    </ClInclude>
    <ClInclude Include="Camera.h">
      <Filter>Object\Component</Filter>
    </ClInclude>
    <ClInclude Include="MonoBehaviour.h">
      <Filter>Object\Component</Filter>
    </ClInclude>
  </ItemGroup>
  <ItemGroup>
    <ClCompile Include="pch.cpp">
      <Filter>Default</Filter>
    </ClCompile>
    <ClCompile Include="EnginePch.cpp">
      <Filter>Default</Filter>
    </ClCompile>
    <ClCompile Include="Engine.cpp">
      <Filter>Default</Filter>
    </ClCompile>
    <ClCompile Include="GraphcisProcessor.cpp">
      <Filter>Graphics</Filter>
    </ClCompile>
    <ClCompile Include="Object.cpp">
      <Filter>Object</Filter>
    </ClCompile>
    <ClCompile Include="Component.cpp">
      <Filter>Object\Component</Filter>
    </ClCompile>
    <ClCompile Include="GameObject.cpp">
      <Filter>Object\GameObject</Filter>
    </ClCompile>
    <ClCompile Include="Transform.cpp">
      <Filter>Object\Component</Filter>
    </ClCompile>
    <ClCompile Include="Collision.cpp">
      <Filter>Object\Component</Filter>
    </ClCompile>
    <ClCompile Include="Animator.cpp">
      <Filter>Object\Component</Filter>
    </ClCompile>
    <ClCompile Include="Camera.cpp">
      <Filter>Object\Component</Filter>
    </ClCompile>
    <ClCompile Include="MonoBehaviour.cpp">
      <Filter>Object\Component</Filter>
    </ClCompile>
  </ItemGroup>
  <ItemGroup>
    <None Include="..\..\dx\d3d11\Client\Library\Include\DirectXTex.inl">
      <Filter>ExternalFile\Texture</Filter>
    </None>
  </ItemGroup>
  <ItemGroup>
    <FxCompile Include="..\Shader\Tutorial.fx">
      <Filter>Shader</Filter>
    </FxCompile>
  </ItemGroup>
</Project>